
Microsoft Visual Studio Solution File, Format Version 12.00
# Visual Studio 2013
VisualStudioVersion = 12.0.21005.1
MinimumVisualStudioVersion = 10.0.40219.1
Project("{FAE04EC0-301F-11D3-BF4B-00C04F79EFBC}") = "TradeHubGui", "TradeHubGui\TradeHubGui.csproj", "{A25CA0DB-EA1D-4F19-9B11-2BF0FC2AB64E}"
EndProject
Project("{FAE04EC0-301F-11D3-BF4B-00C04F79EFBC}") = "TradeHubGui.StrategyRunner", "TradeHubGui.StrategyRunner\TradeHubGui.StrategyRunner.csproj", "{8090220C-F33F-46EA-AE6A-CDAC8C921EDD}"
EndProject
Project("{FAE04EC0-301F-11D3-BF4B-00C04F79EFBC}") = "TradeHubGui.Common", "TradeHubGui.Common\TradeHubGui.Common.csproj", "{5E5A9A79-0B0C-428B-8385-015134B42D86}"
EndProject
Project("{FAE04EC0-301F-11D3-BF4B-00C04F79EFBC}") = "TradeHubGui.StrategyRunner.Tests", "TradeHubGui.StrategyRunner.Tests\TradeHubGui.StrategyRunner.Tests.csproj", "{23917C60-C0A8-42DA-A6CB-58DF146D84DA}"
EndProject
Project("{FAE04EC0-301F-11D3-BF4B-00C04F79EFBC}") = "Resources", "Resources\Resources.csproj", "{9CC3C15B-6A55-481E-B379-85F86CD1CDBC}"
EndProject
Project("{FAE04EC0-301F-11D3-BF4B-00C04F79EFBC}") = "TradeHubGui.Dashboard", "TradeHubGui.Dashboard\TradeHubGui.Dashboard.csproj", "{8E7E4246-3804-4D60-90C4-C0350013297D}"
EndProject
Project("{FAE04EC0-301F-11D3-BF4B-00C04F79EFBC}") = "TradeHubGui.Dashboard.Tests", "TradeHubGui.Dashboard.Tests\TradeHubGui.Dashboard.Tests.csproj", "{1F3C57FC-622D-4AFE-ADF1-A1664C593330}"
EndProject
Project("{FAE04EC0-301F-11D3-BF4B-00C04F79EFBC}") = "Xceed.Wpf.AvalonDock", "Lib\Xceed.Wpf.AvalonDock\Xceed.Wpf.AvalonDock.csproj", "{DB81988F-E0F2-45A0-A1FD-8C37F3D35244}"
EndProject
Project("{FAE04EC0-301F-11D3-BF4B-00C04F79EFBC}") = "Xceed.Wpf.AvalonDock.Themes.Flat", "Lib\Xceed.Wpf.AvalonDock.Themes.Flat\Xceed.Wpf.AvalonDock.Themes.Flat.csproj", "{6792A0E0-CA88-4FE2-8BEC-0AC7828363C5}"
EndProject
Global
	GlobalSection(SolutionConfigurationPlatforms) = preSolution
		Debug|Any CPU = Debug|Any CPU
		Release|Any CPU = Release|Any CPU
	EndGlobalSection
	GlobalSection(ProjectConfigurationPlatforms) = postSolution
		{A25CA0DB-EA1D-4F19-9B11-2BF0FC2AB64E}.Debug|Any CPU.ActiveCfg = Debug|Any CPU
		{A25CA0DB-EA1D-4F19-9B11-2BF0FC2AB64E}.Debug|Any CPU.Build.0 = Debug|Any CPU
		{A25CA0DB-EA1D-4F19-9B11-2BF0FC2AB64E}.Release|Any CPU.ActiveCfg = Release|Any CPU
		{A25CA0DB-EA1D-4F19-9B11-2BF0FC2AB64E}.Release|Any CPU.Build.0 = Release|Any CPU
		{8090220C-F33F-46EA-AE6A-CDAC8C921EDD}.Debug|Any CPU.ActiveCfg = Debug|Any CPU
		{8090220C-F33F-46EA-AE6A-CDAC8C921EDD}.Debug|Any CPU.Build.0 = Debug|Any CPU
		{8090220C-F33F-46EA-AE6A-CDAC8C921EDD}.Release|Any CPU.ActiveCfg = Release|Any CPU
		{8090220C-F33F-46EA-AE6A-CDAC8C921EDD}.Release|Any CPU.Build.0 = Release|Any CPU
		{5E5A9A79-0B0C-428B-8385-015134B42D86}.Debug|Any CPU.ActiveCfg = Debug|Any CPU
		{5E5A9A79-0B0C-428B-8385-015134B42D86}.Debug|Any CPU.Build.0 = Debug|Any CPU
		{5E5A9A79-0B0C-428B-8385-015134B42D86}.Release|Any CPU.ActiveCfg = Release|Any CPU
		{5E5A9A79-0B0C-428B-8385-015134B42D86}.Release|Any CPU.Build.0 = Release|Any CPU
		{23917C60-C0A8-42DA-A6CB-58DF146D84DA}.Debug|Any CPU.ActiveCfg = Debug|Any CPU
		{23917C60-C0A8-42DA-A6CB-58DF146D84DA}.Debug|Any CPU.Build.0 = Debug|Any CPU
		{23917C60-C0A8-42DA-A6CB-58DF146D84DA}.Release|Any CPU.ActiveCfg = Release|Any CPU
		{23917C60-C0A8-42DA-A6CB-58DF146D84DA}.Release|Any CPU.Build.0 = Release|Any CPU
		{9CC3C15B-6A55-481E-B379-85F86CD1CDBC}.Debug|Any CPU.ActiveCfg = Release|Any CPU
		{9CC3C15B-6A55-481E-B379-85F86CD1CDBC}.Debug|Any CPU.Build.0 = Release|Any CPU
		{9CC3C15B-6A55-481E-B379-85F86CD1CDBC}.Release|Any CPU.ActiveCfg = Release|Any CPU
		{9CC3C15B-6A55-481E-B379-85F86CD1CDBC}.Release|Any CPU.Build.0 = Release|Any CPU
		{8E7E4246-3804-4D60-90C4-C0350013297D}.Debug|Any CPU.ActiveCfg = Debug|Any CPU
		{8E7E4246-3804-4D60-90C4-C0350013297D}.Debug|Any CPU.Build.0 = Debug|Any CPU
		{8E7E4246-3804-4D60-90C4-C0350013297D}.Release|Any CPU.ActiveCfg = Release|Any CPU
		{8E7E4246-3804-4D60-90C4-C0350013297D}.Release|Any CPU.Build.0 = Release|Any CPU
		{1F3C57FC-622D-4AFE-ADF1-A1664C593330}.Debug|Any CPU.ActiveCfg = Debug|Any CPU
		{1F3C57FC-622D-4AFE-ADF1-A1664C593330}.Debug|Any CPU.Build.0 = Debug|Any CPU
		{1F3C57FC-622D-4AFE-ADF1-A1664C593330}.Release|Any CPU.ActiveCfg = Release|Any CPU
		{1F3C57FC-622D-4AFE-ADF1-A1664C593330}.Release|Any CPU.Build.0 = Release|Any CPU
		{DB81988F-E0F2-45A0-A1FD-8C37F3D35244}.Debug|Any CPU.ActiveCfg = Debug|Any CPU
		{DB81988F-E0F2-45A0-A1FD-8C37F3D35244}.Debug|Any CPU.Build.0 = Debug|Any CPU
		{DB81988F-E0F2-45A0-A1FD-8C37F3D35244}.Release|Any CPU.ActiveCfg = Release|Any CPU
		{DB81988F-E0F2-45A0-A1FD-8C37F3D35244}.Release|Any CPU.Build.0 = Release|Any CPU
		{6792A0E0-CA88-4FE2-8BEC-0AC7828363C5}.Debug|Any CPU.ActiveCfg = Debug|Any CPU
		{6792A0E0-CA88-4FE2-8BEC-0AC7828363C5}.Debug|Any CPU.Build.0 = Debug|Any CPU
		{6792A0E0-CA88-4FE2-8BEC-0AC7828363C5}.Release|Any CPU.ActiveCfg = Release|Any CPU
		{6792A0E0-CA88-4FE2-8BEC-0AC7828363C5}.Release|Any CPU.Build.0 = Release|Any CPU
	EndGlobalSection
	GlobalSection(SolutionProperties) = preSolution
		HideSolutionNode = FALSE
	EndGlobalSection
EndGlobal
